
Microsoft Visual Studio Solution File, Format Version 12.00
# Visual Studio 15
VisualStudioVersion = 15.0.28307.168
MinimumVisualStudioVersion = 10.0.40219.1
Project("{9A19103F-16F7-4668-BE54-9A1E7A4F7556}") = "Problem 2. Creating Constructors", "Problem 2. Creating Constructors\Problem 2. Creating Constructors.csproj", "{0B6FD694-9458-4E53-8C1C-9C97A24E31FB}"
EndProject
Project("{9A19103F-16F7-4668-BE54-9A1E7A4F7556}") = "Problem 3. Oldest Family Member", "Problem 3. Oldest Family Member\Problem 3. Oldest Family Member.csproj", "{7F2AD10A-615F-4254-BC4B-EFD733D770D7}"
EndProject
Project("{9A19103F-16F7-4668-BE54-9A1E7A4F7556}") = "Problem 4. Opinion Poll", "Problem 4. Opinion Poll\Problem 4. Opinion Poll.csproj", "{F7A32127-8970-40EE-BFC5-DDECC6504E1B}"
EndProject
Project("{9A19103F-16F7-4668-BE54-9A1E7A4F7556}") = "Problem 5. Date Modifier", "Problem 5. Date Modifier\Problem 5. Date Modifier.csproj", "{CA4EA2BC-7786-463E-9AC9-D9E6F1F8018E}"
EndProject
Project("{9A19103F-16F7-4668-BE54-9A1E7A4F7556}") = "Problem 6. Company Roster", "Problem 6. Company Roster\Problem 6. Company Roster.csproj", "{396DC77C-DBED-4EDB-A238-FA7B7A37F77A}"
EndProject
Project("{9A19103F-16F7-4668-BE54-9A1E7A4F7556}") = "Problem 7. Speed Racing", "Problem 7. Speed Racing\Problem 7. Speed Racing.csproj", "{439B469A-3DBD-4EA7-A1AA-32AE6EBC4BE8}"
EndProject
Project("{FAE04EC0-301F-11D3-BF4B-00C04F79EFBC}") = "Problem 1. Define a Class Person", "Problem 1. Define a Class Person\Problem 1. Define a Class Person.csproj", "{5476EDC8-9A04-48AC-A96D-BF8279F425D4}"
EndProject
Project("{FAE04EC0-301F-11D3-BF4B-00C04F79EFBC}") = "Problem 8. Raw Data", "Problem 8. Raw Data\Problem 8. Raw Data.csproj", "{46AF79FA-8AC1-4643-821A-E2D306EF755B}"
EndProject
Project("{FAE04EC0-301F-11D3-BF4B-00C04F79EFBC}") = "Problem 9. Rectangle Intersection", "Problem 9. Rectangle Intersection\Problem 9. Rectangle Intersection.csproj", "{BEDA5E1F-1B03-4967-AD3E-8ADEF6500457}"
EndProject
Project("{FAE04EC0-301F-11D3-BF4B-00C04F79EFBC}") = "Problem 10. Car Salesman", "Problem 10. Car Salesman\Problem 10. Car Salesman.csproj", "{FB0ED319-50C1-4CD4-BA4B-E67598AFAE23}"
EndProject
Project("{FAE04EC0-301F-11D3-BF4B-00C04F79EFBC}") = "Problem 11. Pokemon Trainer", "Problem 11. Pokemon Trainer\Problem 11. Pokemon Trainer.csproj", "{E3FAE112-6694-4294-8D03-D99526426FAA}"
EndProject
Global
	GlobalSection(SolutionConfigurationPlatforms) = preSolution
		Debug|Any CPU = Debug|Any CPU
		Release|Any CPU = Release|Any CPU
	EndGlobalSection
	GlobalSection(ProjectConfigurationPlatforms) = postSolution
		{0B6FD694-9458-4E53-8C1C-9C97A24E31FB}.Debug|Any CPU.ActiveCfg = Debug|Any CPU
		{0B6FD694-9458-4E53-8C1C-9C97A24E31FB}.Debug|Any CPU.Build.0 = Debug|Any CPU
		{0B6FD694-9458-4E53-8C1C-9C97A24E31FB}.Release|Any CPU.ActiveCfg = Release|Any CPU
		{0B6FD694-9458-4E53-8C1C-9C97A24E31FB}.Release|Any CPU.Build.0 = Release|Any CPU
		{7F2AD10A-615F-4254-BC4B-EFD733D770D7}.Debug|Any CPU.ActiveCfg = Debug|Any CPU
		{7F2AD10A-615F-4254-BC4B-EFD733D770D7}.Debug|Any CPU.Build.0 = Debug|Any CPU
		{7F2AD10A-615F-4254-BC4B-EFD733D770D7}.Release|Any CPU.ActiveCfg = Release|Any CPU
		{7F2AD10A-615F-4254-BC4B-EFD733D770D7}.Release|Any CPU.Build.0 = Release|Any CPU
		{F7A32127-8970-40EE-BFC5-DDECC6504E1B}.Debug|Any CPU.ActiveCfg = Debug|Any CPU
		{F7A32127-8970-40EE-BFC5-DDECC6504E1B}.Debug|Any CPU.Build.0 = Debug|Any CPU
		{F7A32127-8970-40EE-BFC5-DDECC6504E1B}.Release|Any CPU.ActiveCfg = Release|Any CPU
		{F7A32127-8970-40EE-BFC5-DDECC6504E1B}.Release|Any CPU.Build.0 = Release|Any CPU
		{CA4EA2BC-7786-463E-9AC9-D9E6F1F8018E}.Debug|Any CPU.ActiveCfg = Debug|Any CPU
		{CA4EA2BC-7786-463E-9AC9-D9E6F1F8018E}.Debug|Any CPU.Build.0 = Debug|Any CPU
		{CA4EA2BC-7786-463E-9AC9-D9E6F1F8018E}.Release|Any CPU.ActiveCfg = Release|Any CPU
		{CA4EA2BC-7786-463E-9AC9-D9E6F1F8018E}.Release|Any CPU.Build.0 = Release|Any CPU
		{396DC77C-DBED-4EDB-A238-FA7B7A37F77A}.Debug|Any CPU.ActiveCfg = Debug|Any CPU
		{396DC77C-DBED-4EDB-A238-FA7B7A37F77A}.Debug|Any CPU.Build.0 = Debug|Any CPU
		{396DC77C-DBED-4EDB-A238-FA7B7A37F77A}.Release|Any CPU.ActiveCfg = Release|Any CPU
		{396DC77C-DBED-4EDB-A238-FA7B7A37F77A}.Release|Any CPU.Build.0 = Release|Any CPU
		{439B469A-3DBD-4EA7-A1AA-32AE6EBC4BE8}.Debug|Any CPU.ActiveCfg = Debug|Any CPU
		{439B469A-3DBD-4EA7-A1AA-32AE6EBC4BE8}.Debug|Any CPU.Build.0 = Debug|Any CPU
		{439B469A-3DBD-4EA7-A1AA-32AE6EBC4BE8}.Release|Any CPU.ActiveCfg = Release|Any CPU
		{439B469A-3DBD-4EA7-A1AA-32AE6EBC4BE8}.Release|Any CPU.Build.0 = Release|Any CPU
		{5476EDC8-9A04-48AC-A96D-BF8279F425D4}.Debug|Any CPU.ActiveCfg = Debug|Any CPU
		{5476EDC8-9A04-48AC-A96D-BF8279F425D4}.Debug|Any CPU.Build.0 = Debug|Any CPU
		{5476EDC8-9A04-48AC-A96D-BF8279F425D4}.Release|Any CPU.ActiveCfg = Release|Any CPU
		{5476EDC8-9A04-48AC-A96D-BF8279F425D4}.Release|Any CPU.Build.0 = Release|Any CPU
		{46AF79FA-8AC1-4643-821A-E2D306EF755B}.Debug|Any CPU.ActiveCfg = Debug|Any CPU
		{46AF79FA-8AC1-4643-821A-E2D306EF755B}.Debug|Any CPU.Build.0 = Debug|Any CPU
		{46AF79FA-8AC1-4643-821A-E2D306EF755B}.Release|Any CPU.ActiveCfg = Release|Any CPU
		{46AF79FA-8AC1-4643-821A-E2D306EF755B}.Release|Any CPU.Build.0 = Release|Any CPU
		{BEDA5E1F-1B03-4967-AD3E-8ADEF6500457}.Debug|Any CPU.ActiveCfg = Debug|Any CPU
		{BEDA5E1F-1B03-4967-AD3E-8ADEF6500457}.Debug|Any CPU.Build.0 = Debug|Any CPU
		{BEDA5E1F-1B03-4967-AD3E-8ADEF6500457}.Release|Any CPU.ActiveCfg = Release|Any CPU
		{BEDA5E1F-1B03-4967-AD3E-8ADEF6500457}.Release|Any CPU.Build.0 = Release|Any CPU
		{FB0ED319-50C1-4CD4-BA4B-E67598AFAE23}.Debug|Any CPU.ActiveCfg = Debug|Any CPU
		{FB0ED319-50C1-4CD4-BA4B-E67598AFAE23}.Debug|Any CPU.Build.0 = Debug|Any CPU
		{FB0ED319-50C1-4CD4-BA4B-E67598AFAE23}.Release|Any CPU.ActiveCfg = Release|Any CPU
		{FB0ED319-50C1-4CD4-BA4B-E67598AFAE23}.Release|Any CPU.Build.0 = Release|Any CPU
		{E3FAE112-6694-4294-8D03-D99526426FAA}.Debug|Any CPU.ActiveCfg = Debug|Any CPU
		{E3FAE112-6694-4294-8D03-D99526426FAA}.Debug|Any CPU.Build.0 = Debug|Any CPU
		{E3FAE112-6694-4294-8D03-D99526426FAA}.Release|Any CPU.ActiveCfg = Release|Any CPU
		{E3FAE112-6694-4294-8D03-D99526426FAA}.Release|Any CPU.Build.0 = Release|Any CPU
	EndGlobalSection
	GlobalSection(SolutionProperties) = preSolution
		HideSolutionNode = FALSE
	EndGlobalSection
	GlobalSection(ExtensibilityGlobals) = postSolution
		SolutionGuid = {527B9639-CB9B-44B0-8CEE-33A13296B29B}
	EndGlobalSection
EndGlobal
